<?xml version="1.0" encoding="utf-8"?>
<Project ToolsVersion="4.0" xmlns="http://schemas.microsoft.com/developer/msbuild/2003">
  <ItemGroup>
    <Filter Include="Form Files">
      <UniqueIdentifier>{99349809-55BA-4b9d-BF79-8FDBB0286EB3}</UniqueIdentifier>
      <Extensions>ui</Extensions>
    </Filter>
    <Filter Include="Resource Files">
      <UniqueIdentifier>{D9D6E242-F8AF-46E4-B9FD-80ECBC20BA3E}</UniqueIdentifier>
      <Extensions>qrc;*</Extensions>
      <ParseFiles>false</ParseFiles>
    </Filter>
    <Filter Include="Source Files">
      <UniqueIdentifier>{4FC737F1-C7A5-4376-A066-2A32D752A2FF}</UniqueIdentifier>
      <Extensions>cpp;c;cc;cxx;def;odl;idl;hpj;bat;asm;asmx</Extensions>
      <ParseFiles>true</ParseFiles>
    </Filter>
    <Filter Include="Header Files">
      <UniqueIdentifier>{93995380-89BD-4b04-88EB-625FBE52EBFB}</UniqueIdentifier>
      <Extensions>h;hh;hpp;hxx;hm;inl;inc;xsd</Extensions>
      <ParseFiles>true</ParseFiles>
    </Filter>
    <Filter Include="glog">
      <UniqueIdentifier>{93c6111c-df94-4586-8292-0d97a955702e}</UniqueIdentifier>
    </Filter>
  </ItemGroup>
  <ItemGroup>
    <ClCompile Include="lights\Light.cpp">
      <Filter>Source Files</Filter>
    </ClCompile>
    <ClCompile Include="cameras\camera.cpp">
      <Filter>Source Files</Filter>
    </ClCompile>
    <ClCompile Include="core\CadCore.cpp">
      <Filter>Source Files</Filter>
    </ClCompile>
    <ClCompile Include="core\PaintInformation.cpp">
      <Filter>Source Files</Filter>
    </ClCompile>
    <ClCompile Include="core\Primitive.cpp">
      <Filter>Source Files</Filter>
    </ClCompile>
    <ClCompile Include="glrender\axis.cpp">
      <Filter>Source Files</Filter>
    </ClCompile>
    <ClCompile Include="glrender\PArrow.cpp">
      <Filter>Source Files</Filter>
    </ClCompile>
    <ClCompile Include="glrender\PPolygon.cpp">
      <Filter>Source Files</Filter>
    </ClCompile>
    <ClCompile Include="glrender\Scene.cpp">
      <Filter>Source Files</Filter>
    </ClCompile>
    <ClCompile Include="main.cpp">
      <Filter>Source Files</Filter>
    </ClCompile>
    <ClCompile Include="ui\CadInterface.cpp">
      <Filter>Source Files</Filter>
    </ClCompile>
    <ClCompile Include="ui\MainWindow.cpp">
      <Filter>Source Files</Filter>
    </ClCompile>
    <ClCompile Include="ui\Console.cpp">
      <Filter>Source Files</Filter>
    </ClCompile>
    <ClCompile Include="ui\qconsole.cpp">
      <Filter>Source Files</Filter>
    </ClCompile>
    <ClCompile Include="glrender\PLines.cpp">
      <Filter>Source Files</Filter>
    </ClCompile>
    <ClCompile Include="glrender\PPoint.cpp">
      <Filter>Source Files</Filter>
    </ClCompile>
    <ClCompile Include="softrender\PolygonRasterizer.cpp">
      <Filter>Source Files</Filter>
    </ClCompile>
    <ClCompile Include="ui\Scripts.cpp">
      <Filter>Source Files</Filter>
    </ClCompile>
    <ClCompile Include="ui\ProjectMagager.cpp">
      <Filter>Source Files</Filter>
    </ClCompile>
  </ItemGroup>
  <ItemGroup>
    <ClInclude Include="cameras\camera.h">
      <Filter>Header Files</Filter>
    </ClInclude>
    <ClInclude Include="core\CadCore.h">
      <Filter>Header Files</Filter>
    </ClInclude>
    <ClInclude Include="core\PaintInformation.h">
      <Filter>Header Files</Filter>
    </ClInclude>
    <ClInclude Include="core\Primitive.h">
      <Filter>Header Files</Filter>
    </ClInclude>
    <ClInclude Include="core\types.h">
      <Filter>Header Files</Filter>
    </ClInclude>
    <ClInclude Include="core\utilities.h">
      <Filter>Header Files</Filter>
    </ClInclude>
    <ClInclude Include="glrender\axis.h">
      <Filter>Header Files</Filter>
    </ClInclude>
    <ClInclude Include="glrender\PArrow.h">
      <Filter>Header Files</Filter>
    </ClInclude>
    <ClInclude Include="glrender\PPolygon.h">
      <Filter>Header Files</Filter>
    </ClInclude>
    <ClInclude Include="lights\Light.h">
      <Filter>Header Files</Filter>
    </ClInclude>
    <ClInclude Include="core\Singleton.h">
      <Filter>Header Files</Filter>
    </ClInclude>
    <ClInclude Include="glrender\PLines.h">
      <Filter>Header Files</Filter>
    </ClInclude>
    <ClInclude Include="glrender\PPoint.h">
      <Filter>Header Files</Filter>
    </ClInclude>
    <ClInclude Include="softrender\PolygonRasterizer.h">
      <Filter>Header Files</Filter>
    </ClInclude>
    <ClInclude Include="ui\ProjectMagager.h">
      <Filter>Header Files</Filter>
    </ClInclude>
    <ClInclude Include="core\vrt.h">
      <Filter>Header Files</Filter>
    </ClInclude>
  </ItemGroup>
  <ItemGroup>
    <QtMoc Include="glrender\Scene.h">
      <Filter>Header Files</Filter>
    </QtMoc>
    <QtMoc Include="ui\CadInterface.h">
      <Filter>Header Files</Filter>
    </QtMoc>
    <QtMoc Include="ui\Console.h">
      <Filter>Header Files</Filter>
    </QtMoc>
    <QtMoc Include="ui\qconsole.h">
      <Filter>Header Files</Filter>
    </QtMoc>
    <QtMoc Include="ui\MainWindow.h">
      <Filter>Header Files</Filter>
    </QtMoc>
    <QtMoc Include="ui\Scripts.h">
      <Filter>Header Files</Filter>
    </QtMoc>
  </ItemGroup>
  <ItemGroup>
    <QtUic Include="ui\MainWindow.ui">
      <Filter>Form Files</Filter>
    </QtUic>
    <QtUic Include="ui\ScriptList.ui">
      <Filter>Form Files</Filter>
    </QtUic>
  </ItemGroup>
</Project>